
Microsoft Visual Studio Solution File, Format Version 12.00
# Visual Studio Version 17
VisualStudioVersion = 17.10.34928.147
MinimumVisualStudioVersion = 10.0.40219.1
Project("{9A19103F-16F7-4668-BE54-9A1E7A4F7556}") = "1074", "1074.csproj", "{322D7562-4EE2-47C0-8C82-4AC27BD1FFD9}"
EndProject
Project("{FAE04EC0-301F-11D3-BF4B-00C04F79EFBC}") = "1075", "..\1075\1075.csproj", "{312E3192-D33D-4C0E-A534-1383F75CB475}"
EndProject
Project("{FAE04EC0-301F-11D3-BF4B-00C04F79EFBC}") = "1079 (not done)", "..\1079\1079 (not done).csproj", "{95EBE211-1603-462F-AE30-26706DFCBB5A}"
EndProject
Project("{FAE04EC0-301F-11D3-BF4B-00C04F79EFBC}") = "1000", "..\1000\1000.csproj", "{78D732AE-43FE-4DEF-B1B9-12460E7F3374}"
EndProject
Project("{FAE04EC0-301F-11D3-BF4B-00C04F79EFBC}") = "1001", "..\1001\1001.csproj", "{22C2C6BE-1FA2-4529-80D6-F0CA7B60E421}"
EndProject
Project("{FAE04EC0-301F-11D3-BF4B-00C04F79EFBC}") = "1003", "..\1003\1003.csproj", "{8DD63965-3A2C-4F26-A702-7EEFC76DD3C1}"
EndProject
Project("{FAE04EC0-301F-11D3-BF4B-00C04F79EFBC}") = "1002", "..\1002\1002.csproj", "{C0291CCD-40FC-4DB7-A42F-B4B711A25C43}"
EndProject
Project("{FAE04EC0-301F-11D3-BF4B-00C04F79EFBC}") = "1004", "..\1004\1004.csproj", "{F96BE29B-8908-4A67-97CD-5FBFC8B21B4D}"
EndProject
Project("{FAE04EC0-301F-11D3-BF4B-00C04F79EFBC}") = "1005", "..\1005\1005.csproj", "{4E58B317-451F-41E7-A92A-70C1991259DE}"
EndProject
Project("{FAE04EC0-301F-11D3-BF4B-00C04F79EFBC}") = "1006", "..\1006\1006.csproj", "{58BB50B1-67C6-4E33-B71F-4BB7D03A397A}"
EndProject
Project("{FAE04EC0-301F-11D3-BF4B-00C04F79EFBC}") = "1007", "..\1007\1007.csproj", "{595218CB-66CF-45A7-8C26-2C2BDEE1FCB3}"
EndProject
Project("{FAE04EC0-301F-11D3-BF4B-00C04F79EFBC}") = "1009", "..\1009\1009.csproj", "{7D6D193F-125C-4064-8051-7BB50CAA721C}"
EndProject
Project("{FAE04EC0-301F-11D3-BF4B-00C04F79EFBC}") = "1010", "..\1010\1010.csproj", "{95C9B296-576E-451E-8D4F-BB4CD6935694}"
EndProject
Project("{FAE04EC0-301F-11D3-BF4B-00C04F79EFBC}") = "1008", "..\1008\1008.csproj", "{41BCD536-5DD9-4E42-A9D7-1EBD4DCF02BD}"
EndProject
Project("{FAE04EC0-301F-11D3-BF4B-00C04F79EFBC}") = "1011", "..\1011\1011.csproj", "{B7C80ECA-76D3-4C7E-A6F9-BEE0C9999F8B}"
EndProject
Project("{FAE04EC0-301F-11D3-BF4B-00C04F79EFBC}") = "1012", "..\1012\1012.csproj", "{6D384CDA-F112-49EA-A61A-B0F1B6F66C06}"
EndProject
Project("{FAE04EC0-301F-11D3-BF4B-00C04F79EFBC}") = "1013", "..\1013\1013.csproj", "{32BF9B51-BCB7-4340-AF1E-9FF6ED6D45A7}"
EndProject
Project("{FAE04EC0-301F-11D3-BF4B-00C04F79EFBC}") = "1014", "..\1014\1014.csproj", "{FBA1A4D0-41B0-438A-B840-7477D2C6CD62}"
EndProject
Global
	GlobalSection(SolutionConfigurationPlatforms) = preSolution
		Debug|Any CPU = Debug|Any CPU
		Release|Any CPU = Release|Any CPU
	EndGlobalSection
	GlobalSection(ProjectConfigurationPlatforms) = postSolution
		{322D7562-4EE2-47C0-8C82-4AC27BD1FFD9}.Debug|Any CPU.ActiveCfg = Debug|Any CPU
		{322D7562-4EE2-47C0-8C82-4AC27BD1FFD9}.Debug|Any CPU.Build.0 = Debug|Any CPU
		{322D7562-4EE2-47C0-8C82-4AC27BD1FFD9}.Release|Any CPU.ActiveCfg = Release|Any CPU
		{322D7562-4EE2-47C0-8C82-4AC27BD1FFD9}.Release|Any CPU.Build.0 = Release|Any CPU
		{312E3192-D33D-4C0E-A534-1383F75CB475}.Debug|Any CPU.ActiveCfg = Debug|Any CPU
		{312E3192-D33D-4C0E-A534-1383F75CB475}.Debug|Any CPU.Build.0 = Debug|Any CPU
		{312E3192-D33D-4C0E-A534-1383F75CB475}.Release|Any CPU.ActiveCfg = Release|Any CPU
		{312E3192-D33D-4C0E-A534-1383F75CB475}.Release|Any CPU.Build.0 = Release|Any CPU
		{95EBE211-1603-462F-AE30-26706DFCBB5A}.Debug|Any CPU.ActiveCfg = Debug|Any CPU
		{95EBE211-1603-462F-AE30-26706DFCBB5A}.Debug|Any CPU.Build.0 = Debug|Any CPU
		{95EBE211-1603-462F-AE30-26706DFCBB5A}.Release|Any CPU.ActiveCfg = Release|Any CPU
		{95EBE211-1603-462F-AE30-26706DFCBB5A}.Release|Any CPU.Build.0 = Release|Any CPU
		{78D732AE-43FE-4DEF-B1B9-12460E7F3374}.Debug|Any CPU.ActiveCfg = Debug|Any CPU
		{78D732AE-43FE-4DEF-B1B9-12460E7F3374}.Debug|Any CPU.Build.0 = Debug|Any CPU
		{78D732AE-43FE-4DEF-B1B9-12460E7F3374}.Release|Any CPU.ActiveCfg = Release|Any CPU
		{78D732AE-43FE-4DEF-B1B9-12460E7F3374}.Release|Any CPU.Build.0 = Release|Any CPU
		{22C2C6BE-1FA2-4529-80D6-F0CA7B60E421}.Debug|Any CPU.ActiveCfg = Debug|Any CPU
		{22C2C6BE-1FA2-4529-80D6-F0CA7B60E421}.Debug|Any CPU.Build.0 = Debug|Any CPU
		{22C2C6BE-1FA2-4529-80D6-F0CA7B60E421}.Release|Any CPU.ActiveCfg = Release|Any CPU
		{22C2C6BE-1FA2-4529-80D6-F0CA7B60E421}.Release|Any CPU.Build.0 = Release|Any CPU
		{8DD63965-3A2C-4F26-A702-7EEFC76DD3C1}.Debug|Any CPU.ActiveCfg = Debug|Any CPU
		{8DD63965-3A2C-4F26-A702-7EEFC76DD3C1}.Debug|Any CPU.Build.0 = Debug|Any CPU
		{8DD63965-3A2C-4F26-A702-7EEFC76DD3C1}.Release|Any CPU.ActiveCfg = Release|Any CPU
		{8DD63965-3A2C-4F26-A702-7EEFC76DD3C1}.Release|Any CPU.Build.0 = Release|Any CPU
		{C0291CCD-40FC-4DB7-A42F-B4B711A25C43}.Debug|Any CPU.ActiveCfg = Debug|Any CPU
		{C0291CCD-40FC-4DB7-A42F-B4B711A25C43}.Debug|Any CPU.Build.0 = Debug|Any CPU
		{C0291CCD-40FC-4DB7-A42F-B4B711A25C43}.Release|Any CPU.ActiveCfg = Release|Any CPU
		{C0291CCD-40FC-4DB7-A42F-B4B711A25C43}.Release|Any CPU.Build.0 = Release|Any CPU
		{F96BE29B-8908-4A67-97CD-5FBFC8B21B4D}.Debug|Any CPU.ActiveCfg = Debug|Any CPU
		{F96BE29B-8908-4A67-97CD-5FBFC8B21B4D}.Debug|Any CPU.Build.0 = Debug|Any CPU
		{F96BE29B-8908-4A67-97CD-5FBFC8B21B4D}.Release|Any CPU.ActiveCfg = Release|Any CPU
		{F96BE29B-8908-4A67-97CD-5FBFC8B21B4D}.Release|Any CPU.Build.0 = Release|Any CPU
		{4E58B317-451F-41E7-A92A-70C1991259DE}.Debug|Any CPU.ActiveCfg = Debug|Any CPU
		{4E58B317-451F-41E7-A92A-70C1991259DE}.Debug|Any CPU.Build.0 = Debug|Any CPU
		{4E58B317-451F-41E7-A92A-70C1991259DE}.Release|Any CPU.ActiveCfg = Release|Any CPU
		{4E58B317-451F-41E7-A92A-70C1991259DE}.Release|Any CPU.Build.0 = Release|Any CPU
		{58BB50B1-67C6-4E33-B71F-4BB7D03A397A}.Debug|Any CPU.ActiveCfg = Debug|Any CPU
		{58BB50B1-67C6-4E33-B71F-4BB7D03A397A}.Debug|Any CPU.Build.0 = Debug|Any CPU
		{58BB50B1-67C6-4E33-B71F-4BB7D03A397A}.Release|Any CPU.ActiveCfg = Release|Any CPU
		{58BB50B1-67C6-4E33-B71F-4BB7D03A397A}.Release|Any CPU.Build.0 = Release|Any CPU
		{595218CB-66CF-45A7-8C26-2C2BDEE1FCB3}.Debug|Any CPU.ActiveCfg = Debug|Any CPU
		{595218CB-66CF-45A7-8C26-2C2BDEE1FCB3}.Debug|Any CPU.Build.0 = Debug|Any CPU
		{595218CB-66CF-45A7-8C26-2C2BDEE1FCB3}.Release|Any CPU.ActiveCfg = Release|Any CPU
		{595218CB-66CF-45A7-8C26-2C2BDEE1FCB3}.Release|Any CPU.Build.0 = Release|Any CPU
		{7D6D193F-125C-4064-8051-7BB50CAA721C}.Debug|Any CPU.ActiveCfg = Debug|Any CPU
		{7D6D193F-125C-4064-8051-7BB50CAA721C}.Debug|Any CPU.Build.0 = Debug|Any CPU
		{7D6D193F-125C-4064-8051-7BB50CAA721C}.Release|Any CPU.ActiveCfg = Release|Any CPU
		{7D6D193F-125C-4064-8051-7BB50CAA721C}.Release|Any CPU.Build.0 = Release|Any CPU
		{95C9B296-576E-451E-8D4F-BB4CD6935694}.Debug|Any CPU.ActiveCfg = Debug|Any CPU
		{95C9B296-576E-451E-8D4F-BB4CD6935694}.Debug|Any CPU.Build.0 = Debug|Any CPU
		{95C9B296-576E-451E-8D4F-BB4CD6935694}.Release|Any CPU.ActiveCfg = Release|Any CPU
		{95C9B296-576E-451E-8D4F-BB4CD6935694}.Release|Any CPU.Build.0 = Release|Any CPU
		{41BCD536-5DD9-4E42-A9D7-1EBD4DCF02BD}.Debug|Any CPU.ActiveCfg = Debug|Any CPU
		{41BCD536-5DD9-4E42-A9D7-1EBD4DCF02BD}.Debug|Any CPU.Build.0 = Debug|Any CPU
		{41BCD536-5DD9-4E42-A9D7-1EBD4DCF02BD}.Release|Any CPU.ActiveCfg = Release|Any CPU
		{41BCD536-5DD9-4E42-A9D7-1EBD4DCF02BD}.Release|Any CPU.Build.0 = Release|Any CPU
		{B7C80ECA-76D3-4C7E-A6F9-BEE0C9999F8B}.Debug|Any CPU.ActiveCfg = Debug|Any CPU
		{B7C80ECA-76D3-4C7E-A6F9-BEE0C9999F8B}.Debug|Any CPU.Build.0 = Debug|Any CPU
		{B7C80ECA-76D3-4C7E-A6F9-BEE0C9999F8B}.Release|Any CPU.ActiveCfg = Release|Any CPU
		{B7C80ECA-76D3-4C7E-A6F9-BEE0C9999F8B}.Release|Any CPU.Build.0 = Release|Any CPU
		{6D384CDA-F112-49EA-A61A-B0F1B6F66C06}.Debug|Any CPU.ActiveCfg = Debug|Any CPU
		{6D384CDA-F112-49EA-A61A-B0F1B6F66C06}.Debug|Any CPU.Build.0 = Debug|Any CPU
		{6D384CDA-F112-49EA-A61A-B0F1B6F66C06}.Release|Any CPU.ActiveCfg = Release|Any CPU
		{6D384CDA-F112-49EA-A61A-B0F1B6F66C06}.Release|Any CPU.Build.0 = Release|Any CPU
		{32BF9B51-BCB7-4340-AF1E-9FF6ED6D45A7}.Debug|Any CPU.ActiveCfg = Debug|Any CPU
		{32BF9B51-BCB7-4340-AF1E-9FF6ED6D45A7}.Debug|Any CPU.Build.0 = Debug|Any CPU
		{32BF9B51-BCB7-4340-AF1E-9FF6ED6D45A7}.Release|Any CPU.ActiveCfg = Release|Any CPU
		{32BF9B51-BCB7-4340-AF1E-9FF6ED6D45A7}.Release|Any CPU.Build.0 = Release|Any CPU
		{FBA1A4D0-41B0-438A-B840-7477D2C6CD62}.Debug|Any CPU.ActiveCfg = Debug|Any CPU
		{FBA1A4D0-41B0-438A-B840-7477D2C6CD62}.Debug|Any CPU.Build.0 = Debug|Any CPU
		{FBA1A4D0-41B0-438A-B840-7477D2C6CD62}.Release|Any CPU.ActiveCfg = Release|Any CPU
		{FBA1A4D0-41B0-438A-B840-7477D2C6CD62}.Release|Any CPU.Build.0 = Release|Any CPU
	EndGlobalSection
	GlobalSection(SolutionProperties) = preSolution
		HideSolutionNode = FALSE
	EndGlobalSection
	GlobalSection(ExtensibilityGlobals) = postSolution
		SolutionGuid = {D28E8842-6F2D-4D7F-8A0A-1BD2D090438B}
	EndGlobalSection
EndGlobal
