
Microsoft Visual Studio Solution File, Format Version 12.00
# Visual Studio Version 17
VisualStudioVersion = 17.10.34928.147
MinimumVisualStudioVersion = 10.0.40219.1
Project("{9A19103F-16F7-4668-BE54-9A1E7A4F7556}") = "1074", "1074.csproj", "{322D7562-4EE2-47C0-8C82-4AC27BD1FFD9}"
EndProject
Project("{FAE04EC0-301F-11D3-BF4B-00C04F79EFBC}") = "1075", "..\1075\1075.csproj", "{312E3192-D33D-4C0E-A534-1383F75CB475}"
EndProject
Project("{FAE04EC0-301F-11D3-BF4B-00C04F79EFBC}") = "1079 (not done)", "..\1079\1079 (not done).csproj", "{95EBE211-1603-462F-AE30-26706DFCBB5A}"
EndProject
Global
	GlobalSection(SolutionConfigurationPlatforms) = preSolution
		Debug|Any CPU = Debug|Any CPU
		Release|Any CPU = Release|Any CPU
	EndGlobalSection
	GlobalSection(ProjectConfigurationPlatforms) = postSolution
		{322D7562-4EE2-47C0-8C82-4AC27BD1FFD9}.Debug|Any CPU.ActiveCfg = Debug|Any CPU
		{322D7562-4EE2-47C0-8C82-4AC27BD1FFD9}.Debug|Any CPU.Build.0 = Debug|Any CPU
		{322D7562-4EE2-47C0-8C82-4AC27BD1FFD9}.Release|Any CPU.ActiveCfg = Release|Any CPU
		{322D7562-4EE2-47C0-8C82-4AC27BD1FFD9}.Release|Any CPU.Build.0 = Release|Any CPU
		{312E3192-D33D-4C0E-A534-1383F75CB475}.Debug|Any CPU.ActiveCfg = Debug|Any CPU
		{312E3192-D33D-4C0E-A534-1383F75CB475}.Debug|Any CPU.Build.0 = Debug|Any CPU
		{312E3192-D33D-4C0E-A534-1383F75CB475}.Release|Any CPU.ActiveCfg = Release|Any CPU
		{312E3192-D33D-4C0E-A534-1383F75CB475}.Release|Any CPU.Build.0 = Release|Any CPU
		{95EBE211-1603-462F-AE30-26706DFCBB5A}.Debug|Any CPU.ActiveCfg = Debug|Any CPU
		{95EBE211-1603-462F-AE30-26706DFCBB5A}.Debug|Any CPU.Build.0 = Debug|Any CPU
		{95EBE211-1603-462F-AE30-26706DFCBB5A}.Release|Any CPU.ActiveCfg = Release|Any CPU
		{95EBE211-1603-462F-AE30-26706DFCBB5A}.Release|Any CPU.Build.0 = Release|Any CPU
	EndGlobalSection
	GlobalSection(SolutionProperties) = preSolution
		HideSolutionNode = FALSE
	EndGlobalSection
	GlobalSection(ExtensibilityGlobals) = postSolution
		SolutionGuid = {D28E8842-6F2D-4D7F-8A0A-1BD2D090438B}
	EndGlobalSection
EndGlobal
